
Microsoft Visual Studio Solution File, Format Version 12.00
# Visual Studio 14
VisualStudioVersion = 14.0.25123.0
MinimumVisualStudioVersion = 10.0.40219.1
Project("{FAE04EC0-301F-11D3-BF4B-00C04F79EFBC}") = "MXR.QuartzZy", "MXR.QuartzZy\MXR.QuartzZy.csproj", "{575F0326-21A0-4A81-8957-C2CB21B4550A}"
EndProject
Global
	GlobalSection(SolutionConfigurationPlatforms) = preSolution
		Debug|Any CPU = Debug|Any CPU
		Release|Any CPU = Release|Any CPU
	EndGlobalSection
	GlobalSection(ProjectConfigurationPlatforms) = postSolution
		{575F0326-21A0-4A81-8957-C2CB21B4550A}.Debug|Any CPU.ActiveCfg = Debug|Any CPU
		{575F0326-21A0-4A81-8957-C2CB21B4550A}.Debug|Any CPU.Build.0 = Debug|Any CPU
		{575F0326-21A0-4A81-8957-C2CB21B4550A}.Release|Any CPU.ActiveCfg = Release|Any CPU
		{575F0326-21A0-4A81-8957-C2CB21B4550A}.Release|Any CPU.Build.0 = Release|Any CPU
	EndGlobalSection
	GlobalSection(SolutionProperties) = preSolution
		HideSolutionNode = FALSE
	EndGlobalSection
EndGlobal
